
Microsoft Visual Studio Solution File, Format Version 12.00
# Visual Studio Version 17
VisualStudioVersion = 17.5.33414.496
MinimumVisualStudioVersion = 10.0.40219.1
Project("{FAE04EC0-301F-11D3-BF4B-00C04F79EFBC}") = "AuthSystem", "AuthSystem\AuthSystem.csproj", "{9FBDA1EF-4D5F-4CEF-AEBC-B8FCA601C184}"
EndProject
Global
	GlobalSection(SolutionConfigurationPlatforms) = preSolution
		Debug|Any CPU = Debug|Any CPU
		Release|Any CPU = Release|Any CPU
	EndGlobalSection
	GlobalSection(ProjectConfigurationPlatforms) = postSolution
		{9FBDA1EF-4D5F-4CEF-AEBC-B8FCA601C184}.Debug|Any CPU.ActiveCfg = Debug|Any CPU
		{9FBDA1EF-4D5F-4CEF-AEBC-B8FCA601C184}.Debug|Any CPU.Build.0 = Debug|Any CPU
		{9FBDA1EF-4D5F-4CEF-AEBC-B8FCA601C184}.Release|Any CPU.ActiveCfg = Release|Any CPU
		{9FBDA1EF-4D5F-4CEF-AEBC-B8FCA601C184}.Release|Any CPU.Build.0 = Release|Any CPU
	EndGlobalSection
	GlobalSection(SolutionProperties) = preSolution
		HideSolutionNode = FALSE
	EndGlobalSection
	GlobalSection(ExtensibilityGlobals) = postSolution
		SolutionGuid = {FC6A4FF7-1B50-49DC-94F6-79EC66829626}
	EndGlobalSection
EndGlobal
